
Microsoft Visual Studio Solution File, Format Version 12.00
# Visual Studio Version 16
VisualStudioVersion = 16.0.30621.155
MinimumVisualStudioVersion = 10.0.40219.1
Project("{8BC9CEB8-8B4A-11D0-8D11-00A0C91BC942}") = "Sparrow", "Sparrow\Sparrow.vcxproj", "{303AA1B9-AE81-478B-B0BB-5285C378F577}"
	ProjectSection(ProjectDependencies) = postProject
		{1A282079-1914-4700-835E-D9198CECE67E} = {1A282079-1914-4700-835E-D9198CECE67E}
		{DCCD6299-AAC0-49B0-BD72-149737D19830} = {DCCD6299-AAC0-49B0-BD72-149737D19830}
		{442706C9-2147-47F5-8CF4-8E5C88974D97} = {442706C9-2147-47F5-8CF4-8E5C88974D97}
	EndProjectSection
EndProject
Project("{8BC9CEB8-8B4A-11D0-8D11-00A0C91BC942}") = "Core", "Core\Core.vcxproj", "{442706C9-2147-47F5-8CF4-8E5C88974D97}"
EndProject
Project("{8BC9CEB8-8B4A-11D0-8D11-00A0C91BC942}") = "FileHandling", "FileHandling\FileHandling.vcxproj", "{DCCD6299-AAC0-49B0-BD72-149737D19830}"
	ProjectSection(ProjectDependencies) = postProject
		{442706C9-2147-47F5-8CF4-8E5C88974D97} = {442706C9-2147-47F5-8CF4-8E5C88974D97}
	EndProjectSection
EndProject
Project("{8BC9CEB8-8B4A-11D0-8D11-00A0C91BC942}") = "Input", "Input\Input.vcxproj", "{1A282079-1914-4700-835E-D9198CECE67E}"
	ProjectSection(ProjectDependencies) = postProject
		{DCCD6299-AAC0-49B0-BD72-149737D19830} = {DCCD6299-AAC0-49B0-BD72-149737D19830}
		{442706C9-2147-47F5-8CF4-8E5C88974D97} = {442706C9-2147-47F5-8CF4-8E5C88974D97}
	EndProjectSection
EndProject
Project("{FAE04EC0-301F-11D3-BF4B-00C04F79EFBC}") = "InputEditor", "Tools\InputEditor\InputEditor.csproj", "{8AE37607-65E7-4685-A285-187EEFFE3123}"
	ProjectSection(ProjectDependencies) = postProject
		{BC3347F9-4211-4B6A-B21F-081761C95755} = {BC3347F9-4211-4B6A-B21F-081761C95755}
	EndProjectSection
EndProject
Project("{2150E333-8FDC-42A3-9474-1A3956D46DE8}") = "Tools", "Tools", "{71E2BFFF-6F6D-4FA3-B331-DCFDBBD6D7DC}"
EndProject
Project("{8BC9CEB8-8B4A-11D0-8D11-00A0C91BC942}") = "Bindings", "Tools\Bindings\Bindings.vcxproj", "{BC3347F9-4211-4B6A-B21F-081761C95755}"
	ProjectSection(ProjectDependencies) = postProject
		{1A282079-1914-4700-835E-D9198CECE67E} = {1A282079-1914-4700-835E-D9198CECE67E}
		{DCCD6299-AAC0-49B0-BD72-149737D19830} = {DCCD6299-AAC0-49B0-BD72-149737D19830}
		{442706C9-2147-47F5-8CF4-8E5C88974D97} = {442706C9-2147-47F5-8CF4-8E5C88974D97}
	EndProjectSection
EndProject
Global
	GlobalSection(SolutionConfigurationPlatforms) = preSolution
		Debug|Any CPU = Debug|Any CPU
		Debug|x64 = Debug|x64
		Debug|x86 = Debug|x86
		Release|Any CPU = Release|Any CPU
		Release|x64 = Release|x64
		Release|x86 = Release|x86
	EndGlobalSection
	GlobalSection(ProjectConfigurationPlatforms) = postSolution
		{303AA1B9-AE81-478B-B0BB-5285C378F577}.Debug|Any CPU.ActiveCfg = Debug|Win32
		{303AA1B9-AE81-478B-B0BB-5285C378F577}.Debug|x64.ActiveCfg = Debug|x64
		{303AA1B9-AE81-478B-B0BB-5285C378F577}.Debug|x64.Build.0 = Debug|x64
		{303AA1B9-AE81-478B-B0BB-5285C378F577}.Debug|x86.ActiveCfg = Debug|Win32
		{303AA1B9-AE81-478B-B0BB-5285C378F577}.Debug|x86.Build.0 = Debug|Win32
		{303AA1B9-AE81-478B-B0BB-5285C378F577}.Release|Any CPU.ActiveCfg = Release|Win32
		{303AA1B9-AE81-478B-B0BB-5285C378F577}.Release|x64.ActiveCfg = Release|x64
		{303AA1B9-AE81-478B-B0BB-5285C378F577}.Release|x64.Build.0 = Release|x64
		{303AA1B9-AE81-478B-B0BB-5285C378F577}.Release|x86.ActiveCfg = Release|Win32
		{303AA1B9-AE81-478B-B0BB-5285C378F577}.Release|x86.Build.0 = Release|Win32
		{442706C9-2147-47F5-8CF4-8E5C88974D97}.Debug|Any CPU.ActiveCfg = Debug|Win32
		{442706C9-2147-47F5-8CF4-8E5C88974D97}.Debug|x64.ActiveCfg = Debug|x64
		{442706C9-2147-47F5-8CF4-8E5C88974D97}.Debug|x64.Build.0 = Debug|x64
		{442706C9-2147-47F5-8CF4-8E5C88974D97}.Debug|x86.ActiveCfg = Debug|Win32
		{442706C9-2147-47F5-8CF4-8E5C88974D97}.Debug|x86.Build.0 = Debug|Win32
		{442706C9-2147-47F5-8CF4-8E5C88974D97}.Release|Any CPU.ActiveCfg = Release|Win32
		{442706C9-2147-47F5-8CF4-8E5C88974D97}.Release|x64.ActiveCfg = Release|x64
		{442706C9-2147-47F5-8CF4-8E5C88974D97}.Release|x64.Build.0 = Release|x64
		{442706C9-2147-47F5-8CF4-8E5C88974D97}.Release|x86.ActiveCfg = Release|Win32
		{442706C9-2147-47F5-8CF4-8E5C88974D97}.Release|x86.Build.0 = Release|Win32
		{DCCD6299-AAC0-49B0-BD72-149737D19830}.Debug|Any CPU.ActiveCfg = Debug|Win32
		{DCCD6299-AAC0-49B0-BD72-149737D19830}.Debug|x64.ActiveCfg = Debug|x64
		{DCCD6299-AAC0-49B0-BD72-149737D19830}.Debug|x64.Build.0 = Debug|x64
		{DCCD6299-AAC0-49B0-BD72-149737D19830}.Debug|x86.ActiveCfg = Debug|Win32
		{DCCD6299-AAC0-49B0-BD72-149737D19830}.Debug|x86.Build.0 = Debug|Win32
		{DCCD6299-AAC0-49B0-BD72-149737D19830}.Release|Any CPU.ActiveCfg = Release|Win32
		{DCCD6299-AAC0-49B0-BD72-149737D19830}.Release|x64.ActiveCfg = Release|x64
		{DCCD6299-AAC0-49B0-BD72-149737D19830}.Release|x64.Build.0 = Release|x64
		{DCCD6299-AAC0-49B0-BD72-149737D19830}.Release|x86.ActiveCfg = Release|Win32
		{DCCD6299-AAC0-49B0-BD72-149737D19830}.Release|x86.Build.0 = Release|Win32
		{1A282079-1914-4700-835E-D9198CECE67E}.Debug|Any CPU.ActiveCfg = Debug|Win32
		{1A282079-1914-4700-835E-D9198CECE67E}.Debug|x64.ActiveCfg = Debug|x64
		{1A282079-1914-4700-835E-D9198CECE67E}.Debug|x64.Build.0 = Debug|x64
		{1A282079-1914-4700-835E-D9198CECE67E}.Debug|x86.ActiveCfg = Debug|Win32
		{1A282079-1914-4700-835E-D9198CECE67E}.Debug|x86.Build.0 = Debug|Win32
		{1A282079-1914-4700-835E-D9198CECE67E}.Release|Any CPU.ActiveCfg = Release|Win32
		{1A282079-1914-4700-835E-D9198CECE67E}.Release|x64.ActiveCfg = Release|x64
		{1A282079-1914-4700-835E-D9198CECE67E}.Release|x64.Build.0 = Release|x64
		{1A282079-1914-4700-835E-D9198CECE67E}.Release|x86.ActiveCfg = Release|Win32
		{1A282079-1914-4700-835E-D9198CECE67E}.Release|x86.Build.0 = Release|Win32
		{8AE37607-65E7-4685-A285-187EEFFE3123}.Debug|Any CPU.ActiveCfg = Debug|Any CPU
		{8AE37607-65E7-4685-A285-187EEFFE3123}.Debug|Any CPU.Build.0 = Debug|Any CPU
		{8AE37607-65E7-4685-A285-187EEFFE3123}.Debug|x64.ActiveCfg = Debug|Any CPU
		{8AE37607-65E7-4685-A285-187EEFFE3123}.Debug|x64.Build.0 = Debug|Any CPU
		{8AE37607-65E7-4685-A285-187EEFFE3123}.Debug|x86.ActiveCfg = Debug|Any CPU
		{8AE37607-65E7-4685-A285-187EEFFE3123}.Debug|x86.Build.0 = Debug|Any CPU
		{8AE37607-65E7-4685-A285-187EEFFE3123}.Release|Any CPU.ActiveCfg = Release|Any CPU
		{8AE37607-65E7-4685-A285-187EEFFE3123}.Release|Any CPU.Build.0 = Release|Any CPU
		{8AE37607-65E7-4685-A285-187EEFFE3123}.Release|x64.ActiveCfg = Release|Any CPU
		{8AE37607-65E7-4685-A285-187EEFFE3123}.Release|x64.Build.0 = Release|Any CPU
		{8AE37607-65E7-4685-A285-187EEFFE3123}.Release|x86.ActiveCfg = Release|Any CPU
		{8AE37607-65E7-4685-A285-187EEFFE3123}.Release|x86.Build.0 = Release|Any CPU
		{BC3347F9-4211-4B6A-B21F-081761C95755}.Debug|Any CPU.ActiveCfg = Debug|Win32
		{BC3347F9-4211-4B6A-B21F-081761C95755}.Debug|x64.ActiveCfg = Debug|x64
		{BC3347F9-4211-4B6A-B21F-081761C95755}.Debug|x64.Build.0 = Debug|x64
		{BC3347F9-4211-4B6A-B21F-081761C95755}.Debug|x86.ActiveCfg = Debug|Win32
		{BC3347F9-4211-4B6A-B21F-081761C95755}.Debug|x86.Build.0 = Debug|Win32
		{BC3347F9-4211-4B6A-B21F-081761C95755}.Release|Any CPU.ActiveCfg = Release|Win32
		{BC3347F9-4211-4B6A-B21F-081761C95755}.Release|x64.ActiveCfg = Release|x64
		{BC3347F9-4211-4B6A-B21F-081761C95755}.Release|x64.Build.0 = Release|x64
		{BC3347F9-4211-4B6A-B21F-081761C95755}.Release|x86.ActiveCfg = Release|Win32
		{BC3347F9-4211-4B6A-B21F-081761C95755}.Release|x86.Build.0 = Release|Win32
	EndGlobalSection
	GlobalSection(SolutionProperties) = preSolution
		HideSolutionNode = FALSE
	EndGlobalSection
	GlobalSection(NestedProjects) = preSolution
		{8AE37607-65E7-4685-A285-187EEFFE3123} = {71E2BFFF-6F6D-4FA3-B331-DCFDBBD6D7DC}
		{BC3347F9-4211-4B6A-B21F-081761C95755} = {71E2BFFF-6F6D-4FA3-B331-DCFDBBD6D7DC}
	EndGlobalSection
	GlobalSection(ExtensibilityGlobals) = postSolution
		SolutionGuid = {3C65A21C-6DAB-4CE5-80F9-774ADF992D8E}
	EndGlobalSection
EndGlobal
