<?xml version="1.0" encoding="utf-8"?>
<Project ToolsVersion="4.0" xmlns="http://schemas.microsoft.com/developer/msbuild/2003">
  <ItemGroup>
    <Filter Include="FileSystem">
      <UniqueIdentifier>{f0642982-efe8-419b-8e20-9e3ffc1fc9a1}</UniqueIdentifier>
    </Filter>
    <Filter Include="Includes">
      <UniqueIdentifier>{1e539bda-9364-4f27-88ac-fd958c316341}</UniqueIdentifier>
    </Filter>
  </ItemGroup>
  <ItemGroup>
    <ClCompile Include="FileSystem\FileSystem.cpp">
      <Filter>FileSystem</Filter>
    </ClCompile>
    <ClCompile Include="FileSystem\FileSystem_Windows.cpp">
      <Filter>FileSystem</Filter>
    </ClCompile>
  </ItemGroup>
  <ItemGroup>
    <ClInclude Include="Includes\AssetManager.h">
      <Filter>Includes</Filter>
    </ClInclude>
    <ClInclude Include="Includes\FileSystem.h">
      <Filter>Includes</Filter>
    </ClInclude>
    <ClInclude Include="Includes\Serialisable.h">
      <Filter>Includes</Filter>
    </ClInclude>
  </ItemGroup>
</Project>