<?xml version="1.0" encoding="utf-8"?>
<Project ToolsVersion="4.0" xmlns="http://schemas.microsoft.com/developer/msbuild/2003">
  <ItemGroup>
    <Filter Include="Core">
      <UniqueIdentifier>{ee696b70-b3f0-44f1-bee5-de33e87fb36c}</UniqueIdentifier>
    </Filter>
    <Filter Include="Rendering">
      <UniqueIdentifier>{194205b4-a7c3-4681-bfe0-2305088dc690}</UniqueIdentifier>
    </Filter>
    <Filter Include="Input">
      <UniqueIdentifier>{034f1b5a-2e86-4ce1-979c-4dbbd8ce9ca3}</UniqueIdentifier>
    </Filter>
  </ItemGroup>
  <ItemGroup>
    <ClInclude Include="Main.h">
      <Filter>Core</Filter>
    </ClInclude>
    <ClInclude Include="Rendering\Window.h">
      <Filter>Rendering</Filter>
    </ClInclude>
    <ClInclude Include="Core\Defines.h">
      <Filter>Core</Filter>
    </ClInclude>
    <ClInclude Include="Rendering\Renderer.h">
      <Filter>Rendering</Filter>
    </ClInclude>
    <ClInclude Include="Rendering\GLRenderer.h">
      <Filter>Rendering</Filter>
    </ClInclude>
    <ClInclude Include="Core\Callback.h">
      <Filter>Core</Filter>
    </ClInclude>
    <ClInclude Include="Input\Input.h">
      <Filter>Input</Filter>
    </ClInclude>
    <ClInclude Include="Input\ControllerElement.h">
      <Filter>Input</Filter>
    </ClInclude>
    <ClInclude Include="Input\Controller.h">
      <Filter>Input</Filter>
    </ClInclude>
    <ClInclude Include="Input\Action.h">
      <Filter>Input</Filter>
    </ClInclude>
    <ClInclude Include="Input\ControllerMap.h">
      <Filter>Input</Filter>
    </ClInclude>
  </ItemGroup>
  <ItemGroup>
    <ClCompile Include="Main.cpp">
      <Filter>Core</Filter>
    </ClCompile>
    <ClCompile Include="Rendering\Window.cpp">
      <Filter>Rendering</Filter>
    </ClCompile>
    <ClCompile Include="Rendering\Renderer.cpp">
      <Filter>Rendering</Filter>
    </ClCompile>
    <ClCompile Include="Rendering\GLRenderer.cpp">
      <Filter>Rendering</Filter>
    </ClCompile>
    <ClCompile Include="ThirdParty\glad\src\glad.c">
      <Filter>Rendering</Filter>
    </ClCompile>
    <ClCompile Include="Input\ControllerElement.cpp">
      <Filter>Input</Filter>
    </ClCompile>
    <ClCompile Include="Input\Controller.cpp">
      <Filter>Input</Filter>
    </ClCompile>
    <ClCompile Include="Input\ControllerMap.cpp">
      <Filter>Input</Filter>
    </ClCompile>
  </ItemGroup>
</Project>